{
    "_meta": {
        "hash": {
            "sha256": "cba753d54b39ca11cc13e4885064b4330a4b7181373a4ecd04bceba11e3186a1"
        },
        "pipfile-spec": 6,
        "requires": {
            "python_version": "3.11"
        },
        "sources": [
            {
                "name": "pypi",
                "url": "https://pypi.org/simple",
                "verify_ssl": true
            }
        ]
    },
    "default": {
        "python-dotenv": {
            "hashes": [
                "sha256:e324ee90a023d808f1959c46bcbc04446a10ced277783dc6ee09987c37ec10ca",
                "sha256:f7b63ef50f1b690dddf550d03497b66d609393b40b564ed0d674909a68ebf16a"
            ],
            "index": "pypi",
            "markers": "python_version >= '3.8'",
            "version": "==1.0.1"
        },
        "telnetlib3": {
            "hashes": [
                "sha256:b3c0f984a7fb1b6ee16e6fdaa410c56389b0dc492174a99c6661b1ba4c9d457d",
                "sha256:dbcbc16456a0e03a62431be7cfefff00515ab2f4ce2afbaf0d3a0e51a98c948d"
            ],
            "index": "pypi",
            "markers": "python_version >= '3.7'",
            "version": "==2.0.4"
        }
    },
    "develop": {}
}
