{
    "_meta": {
        "hash": {
            "sha256": "ee2e03ed6794e54e82580d45f2c68487f4d2e8be6f305c941f850637a190edd1"
        },
        "pipfile-spec": 6,
        "requires": {
            "python_version": "3.11"
        },
        "sources": [
            {
                "name": "pypi",
                "url": "https://pypi.org/simple",
                "verify_ssl": true
            }
        ]
    },
    "default": {
        "telnetlib3": {
            "hashes": [
                "sha256:b3c0f984a7fb1b6ee16e6fdaa410c56389b0dc492174a99c6661b1ba4c9d457d",
                "sha256:dbcbc16456a0e03a62431be7cfefff00515ab2f4ce2afbaf0d3a0e51a98c948d"
            ],
            "index": "pypi",
            "markers": "python_version >= '3.7'",
            "version": "==2.0.4"
        }
    },
    "develop": {}
}
